{"entries":{"PNH-INV-01":{"binding_hash":"sha256:524bb42c5698748bb8cbe729a8a41c00ccf3bc1a348322ef5f4d3db44ef4ec43","law_status":"ratified","proof_status":"unproven"},"PNH-INV-02":{"binding_hash":"sha256:5c4a0a36da64d9e108762912cd6a812aa353b53b7a95900d3d5482be133bc073","law_status":"ratified","proof_status":"proven"},"PNH-INV-03":{"binding_hash":"sha256:79e988910f0feabaa36dd2155c15be5bd23c7a23b6bedc198d374fbdf162b9b3","law_status":"ratified","proof_status":"proven"},"PNH-INV-04":{"binding_hash":"sha256:a6b2129306d14c16f9621f99870178eb181612032886a5e4b49eae72f0dfcf3c","law_status":"ratified","proof_status":"proven"},"PNH-INV-05":{"binding_hash":"sha256:b707213d60fff7a5ab9b783df3992206523c238162760b51913b12af28972c65","law_status":"ratified","proof_status":"unproven"},"PNH-INV-06":{"binding_hash":"sha256:ce2a356bd4cb421256481f4f32cbf63087ea3600931bc5edb389c4640ec41398","law_status":"ratified","proof_status":"unproven"},"PNH-INV-07":{"binding_hash":"sha256:4c834dbe4bb64fb9f12cb783449275d3bd7367081938379f1be6919403318b74","law_status":"ratified","proof_status":"unproven"},"PNH-INV-08":{"binding_hash":"sha256:259b210774e277d89ece5e359297e815acd18c9640990038531746494f1715de","law_status":"ratified","proof_status":"unproven"},"PNH-INV-09":{"binding_hash":"sha256:aa95d295e420e1a2afc66c1e9d3f9d638dd92118660443450d5952f514759e4c","law_status":"ratified","proof_status":"unproven"},"PNH-INV-10":{"binding_hash":"sha256:1bcbd38da548589c62524d15f00f0d29e165d35e7f20718f537fb714e71a5565","law_status":"ratified","proof_status":"unproven"},"PNH-INV-11":{"binding_hash":"sha256:2c02302ed653d4c9346f2910d0bcd67987f05d2bb12b30c2811b03694f0ae205","law_status":"ratified","proof_status":"unproven"},"PNH-INV-12":{"binding_hash":"sha256:c5ea2d3af875009e016bc210907306f271b74c94725c909c0a5dce73253e2e43","law_status":"ratified","proof_status":"unproven"},"PNH-INV-13":{"binding_hash":"sha256:ddb2f4f314b93a7d0a917febb03b5ee16e6a69e5af1baf43cdd0945c0db08e0d","law_status":"ratified","proof_status":"unproven"},"PNH-INV-14":{"binding_hash":"sha256:75e3f8b5165d28c0e3b48837b6f13c0198af6d6b99471685ba6e2f055f137894","law_status":"ratified","proof_status":"unproven"},"PNH-INV-15":{"binding_hash":"sha256:bfb6f8d1d7d74f7ce5ebb07f580cd5f2abf7365d4e457a406098f82b655c9118","law_status":"ratified","proof_status":"unproven"},"PNH-INV-16":{"binding_hash":"sha256:db60fc09c9c2ca510fbe6c53ea0ced1d96dcd03a430143eedddc146750b00144","law_status":"ratified","proof_status":"unproven"},"PNH-INV-17":{"binding_hash":"sha256:4c0b856a4a4d69fb28f5050aca3787042a798b15660b06866588d8cf6084ac27","law_status":"ratified","proof_status":"unproven"},"PNH-INV-18":{"binding_hash":"sha256:44ac9a1eb7b834873dd33b2a429e6065beeef8a2c3a9353ea69667c4b25a8aec","law_status":"ratified","proof_status":"proven"},"PNH-INV-19":{"binding_hash":"sha256:f8d81c276591aef9ad0115408bd889638247178f35a085daf66734f29d7fdf7f","law_status":"ratified","proof_status":"unproven"},"PNH-INV-20":{"binding_hash":"sha256:194a89cd832e9319327c0ecf0a22fce6d97bbfac9bf7c7c8d1ad253cfa38177e","law_status":"ratified","proof_status":"unproven"},"PNH-INV-21":{"binding_hash":"sha256:b6c7d1ea3be62d086428236f05c3d1070228f741743aaf1c9a9fe655fde309d6","law_status":"ratified","proof_status":"unproven"},"PNH-INV-22":{"binding_hash":"sha256:6abe27b35e894f95796a8f24303c10e3ac365b0e2d5b5bbfabfa43b940784556","law_status":"ratified","proof_status":"partial"},"PNH-INV-23":{"binding_hash":"sha256:589ca41e3943d0e8b593d32d39770d1279ed948a570b66ef2e9373ac0f9f2e3b","law_status":"ratified","proof_status":"partial"},"PNH-INV-24":{"binding_hash":"sha256:04ce7e1a4c0827ca1c7178e975a0456d6784ff4ff172affcddcd6958e305bc50","law_status":"ratified","proof_status":"unproven"},"PNH-INV-25":{"binding_hash":"sha256:908388b247971e812ca80e11c94921e934cce20376e7919b3332d2f165055d16","law_status":"ratified","proof_status":"unproven"},"PNH-INV-26":{"binding_hash":"sha256:fbe7d43623984118e0114ecfbda65d14ba563a8f313ea8ca93f931b77d9caa74","law_status":"ratified","proof_status":"unproven"},"PNH-INV-27":{"binding_hash":"sha256:04a7d436a1521bd2125e627bcda81fac0f2877ae916402254f2ccba40efb35fa","law_status":"ratified","proof_status":"unproven"},"PNH-INV-28":{"binding_hash":"sha256:6870d7d22b4e39468204fc60507ad9094b02338aceaacc9952d0f1dfb3cd088a","law_status":"ratified","proof_status":"unproven"},"PNH-INV-29":{"binding_hash":"sha256:86778927829f05185a09d1c70917d4d794aaeb409e46e27920d6c2a4681b0782","law_status":"ratified","proof_status":"partial"},"PNH-INV-30":{"binding_hash":"sha256:216f7f8f65a439135d1c0f472673b1bc173afcc0e3b04345b2c58997823852ca","law_status":"ratified","proof_status":"unproven"},"PNH-INV-31":{"binding_hash":"sha256:e03c40583824db274d64f6b644c0a6081e053c59f21cd64a37bc8d20b83526ea","law_status":"ratified","proof_status":"unproven"},"PNH-INV-32":{"binding_hash":"sha256:56bf750d237c893f8bc4f66273a77c933a34dd5aa062c8bbbcc58a7a5fa2f926","law_status":"ratified","proof_status":"unproven"},"PNH-INV-33":{"binding_hash":"sha256:4397ef76cf69254bc8c35f230c4ffde4e8d63cc5db3796f8e4fc4ff788188c15","law_status":"ratified","proof_status":"unproven"},"PNH-INV-34":{"binding_hash":"sha256:c3e3793937081fd3896b88e9edd9f99235ceb4d638bc58664c4989c8c1a48c48","law_status":"ratified","proof_status":"unproven"},"PNH-INV-35":{"binding_hash":"sha256:3b8d59646e5393adf6f8359fc1f3a7cf1e4df48dd6da4a89121b2fb7bcbe4b57","law_status":"ratified","proof_status":"unproven"},"PNH-INV-36":{"binding_hash":"sha256:a1d5d25775847f45d9090390dc960ba3794df304110afd19f00ea7cdf86725ca","law_status":"ratified","proof_status":"unproven"},"PNH-INV-37":{"binding_hash":"sha256:d86812ef8293f91c4a4c81053dabb93983a35a14c7b34fbf83af283eb5cce495","law_status":"ratified","proof_status":"unproven"},"PNH-INV-38":{"binding_hash":"sha256:61fd2803cdc50af53cf91c69f557cefaa1b950298d31e82beeeb9372dc402c2c","law_status":"ratified","proof_status":"unproven"},"PNH-INV-39":{"binding_hash":"sha256:3156913fbfbd3b7f7352653ae8625e4ee70a6c5b42f52d760542ade9f3f852f6","law_status":"ratified","proof_status":"unproven"},"PNH-INV-40":{"binding_hash":"sha256:b77ab09e7d1edab29e21f39898a0ad19312312a3291043f41db2d3690ce86552","law_status":"ratified","proof_status":"unproven"},"PNH-INV-41":{"binding_hash":"sha256:3f0b3acc7a8880ef7594ceb48b0e74033b9d938dfdb641139f951f5c7bc83d51","law_status":"ratified","proof_status":"unproven"},"PNH-INV-42":{"binding_hash":"sha256:c7ed9115f45d27191dc7479781686857ee89fc59ffecbf18081c05358080f11e","law_status":"ratified","proof_status":"unproven"},"PNH-INV-43":{"binding_hash":"sha256:8fac466f7a9134494e81c905ab54bc50ef579a59831adfc2199bcb85e63df21c","law_status":"ratified","proof_status":"unproven"},"PNH-INV-44":{"binding_hash":"sha256:88d1e22969c7d9788a9453578e41d5ea950675cf72faa91ebfcb54ffed8cebbc","law_status":"ratified","proof_status":"unproven"},"PNH-INV-45":{"binding_hash":"sha256:fa2e307ff54f92cfda87426eb280fde0e17bf44b783833f34d76e0eaaca02b74","law_status":"ratified","proof_status":"unproven"},"PNH-INV-46":{"binding_hash":"sha256:0c1f6cd43ec8c22dc4985b2b2aef1018224b016ca7e3df3a50a4fc730f2f0734","law_status":"ratified","proof_status":"unproven"},"PNH-PROTO-01":{"binding_hash":"sha256:7afad9fbc6d15a3feb5618c98c8c7164b347316a018a5b0653e486e912f2d57f","protocol_version":1},"PNH-PROTO-02":{"binding_hash":"sha256:3895e0058b90b420b675748c4876c9306ad2cc465b3618817a3090d47e73d44b","protocol_version":1}},"ratification_baseline":{"decision":"docs/plans/provider-neutral-harness/2026-08-26-plan-a-enforcement-baseline-decision.md","path":"assurance/constitution/contracts/ratification-baselines/plan-a-v1.json","sha256":"sha256:8e147530512fe946c811f7273ac644ae405e1d692d7f05cfef49865010cb525c"},"version":2}
